
Microsoft Visual Studio Solution File, Format Version 12.00
# Visual Studio 15
VisualStudioVersion = 15.0.27428.2037
MinimumVisualStudioVersion = 10.0.40219.1
Project("{FAE04EC0-301F-11D3-BF4B-00C04F79EFBC}") = "person_files", "person_files\person_files.csproj", "{0F0736B7-0931-4A3F-9F6E-80E9639F4CFA}"
EndProject
Global
	GlobalSection(SolutionConfigurationPlatforms) = preSolution
		Debug|Any CPU = Debug|Any CPU
		Release|Any CPU = Release|Any CPU
	EndGlobalSection
	GlobalSection(ProjectConfigurationPlatforms) = postSolution
		{0F0736B7-0931-4A3F-9F6E-80E9639F4CFA}.Debug|Any CPU.ActiveCfg = Debug|Any CPU
		{0F0736B7-0931-4A3F-9F6E-80E9639F4CFA}.Debug|Any CPU.Build.0 = Debug|Any CPU
		{0F0736B7-0931-4A3F-9F6E-80E9639F4CFA}.Release|Any CPU.ActiveCfg = Release|Any CPU
		{0F0736B7-0931-4A3F-9F6E-80E9639F4CFA}.Release|Any CPU.Build.0 = Release|Any CPU
	EndGlobalSection
	GlobalSection(SolutionProperties) = preSolution
		HideSolutionNode = FALSE
	EndGlobalSection
	GlobalSection(ExtensibilityGlobals) = postSolution
		SolutionGuid = {E6E4B102-52CE-49F1-AA2E-311647137A12}
	EndGlobalSection
EndGlobal
